{
  "name": "workspace",
  "version": "1.0.0",
  "lockfileVersion": 3,
  "requires": true,
  "packages": {
    "": {
      "name": "workspace",
      "version": "1.0.0",
      "license": "ISC",
      "dependencies": {
        "@fortawesome/fontawesome-free": "^6.7.2",
        "gsap": "^3.12.7"
      }
    },
    "node_modules/@fortawesome/fontawesome-free": {
      "version": "6.7.2",
      "resolved": "https://registry.npmjs.org/@fortawesome/fontawesome-free/-/fontawesome-free-6.7.2.tgz",
      "integrity": "sha512-JUOtgFW6k9u4Y+xeIaEiLr3+cjoUPiAuLXoyKOJSia6Duzb7pq+A76P9ZdPDoAoxHdHzq6gE9/jKBGXlZT8FbA==",
      "license": "(CC-BY-4.0 AND OFL-1.1 AND MIT)",
      "engines": {
        "node": ">=6"
      }
    },
    "node_modules/gsap": {
      "version": "3.12.7",
      "resolved": "https://registry.npmjs.org/gsap/-/gsap-3.12.7.tgz",
      "integrity": "sha512-V4GsyVamhmKefvcAKaoy0h6si0xX7ogwBoBSs2CTJwt7luW0oZzC0LhdkyuKV8PJAXr7Yaj8pMjCKD4GJ+eEMg==",
      "license": "Standard 'no charge' license: https://gsap.com/standard-license. Club GSAP members get more: https://gsap.com/licensing/. Why GreenSock doesn't employ an MIT license: https://gsap.com/why-license/"
    }
  }
}
